
Microsoft Visual Studio Solution File, Format Version 12.00
Project("{FAE04EC0-301F-11D3-BF4B-00C04F79EFBC}") = "TodoApi", "TodoApi\TodoApi.csproj", "{DD5B51EE-530D-4351-8D49-16C6F3F46CBE}"
EndProject
Global
	GlobalSection(SolutionConfigurationPlatforms) = preSolution
		Debug|Any CPU = Debug|Any CPU
		Release|Any CPU = Release|Any CPU
	EndGlobalSection
	GlobalSection(ProjectConfigurationPlatforms) = postSolution
		{DD5B51EE-530D-4351-8D49-16C6F3F46CBE}.Debug|Any CPU.ActiveCfg = Debug|Any CPU
		{DD5B51EE-530D-4351-8D49-16C6F3F46CBE}.Debug|Any CPU.Build.0 = Debug|Any CPU
		{DD5B51EE-530D-4351-8D49-16C6F3F46CBE}.Release|Any CPU.ActiveCfg = Release|Any CPU
		{DD5B51EE-530D-4351-8D49-16C6F3F46CBE}.Release|Any CPU.Build.0 = Release|Any CPU
	EndGlobalSection
EndGlobal
